// !$*UTF8*$!
{
	archiveVersion = 1;
	classes = {
	};
	objectVersion = 46;
	objects = {

/* Begin PBXBuildFile section */
		A353878B1D862CC00099CF8E /* MaterialButton.swift in Sources */ = {isa = PBXBuildFile; fileRef = A35387881D862CC00099CF8E /* MaterialButton.swift */; };
		A353878C1D862CC00099CF8E /* MaterialTextField.swift in Sources */ = {isa = PBXBuildFile; fileRef = A35387891D862CC00099CF8E /* MaterialTextField.swift */; };
		A353878D1D862CC00099CF8E /* MaterialView.swift in Sources */ = {isa = PBXBuildFile; fileRef = A353878A1D862CC00099CF8E /* MaterialView.swift */; };
		A36C045E1D86FDB5006CE573 /* NoteVC.swift in Sources */ = {isa = PBXBuildFile; fileRef = A36C045D1D86FDB5006CE573 /* NoteVC.swift */; };
		A37672571D85FBC100817A19 /* AppDelegate.swift in Sources */ = {isa = PBXBuildFile; fileRef = A37672561D85FBC100817A19 /* AppDelegate.swift */; };
		A37672591D85FBC100817A19 /* ViewController.swift in Sources */ = {isa = PBXBuildFile; fileRef = A37672581D85FBC100817A19 /* ViewController.swift */; };
		A376725C1D85FBC100817A19 /* Main.storyboard in Resources */ = {isa = PBXBuildFile; fileRef = A376725A1D85FBC100817A19 /* Main.storyboard */; };
		A376725F1D85FBC100817A19 /* Take_A_Note.xcdatamodeld in Sources */ = {isa = PBXBuildFile; fileRef = A376725D1D85FBC100817A19 /* Take_A_Note.xcdatamodeld */; };
		A37672611D85FBC100817A19 /* Assets.xcassets in Resources */ = {isa = PBXBuildFile; fileRef = A37672601D85FBC100817A19 /* Assets.xcassets */; };
		A37672641D85FBC100817A19 /* LaunchScreen.storyboard in Resources */ = {isa = PBXBuildFile; fileRef = A37672621D85FBC100817A19 /* LaunchScreen.storyboard */; };
		A376726F1D85FBC200817A19 /* Take_A_NoteTests.swift in Sources */ = {isa = PBXBuildFile; fileRef = A376726E1D85FBC200817A19 /* Take_A_NoteTests.swift */; };
		A376727A1D85FBC200817A19 /* Take_A_NoteUITests.swift in Sources */ = {isa = PBXBuildFile; fileRef = A37672791D85FBC200817A19 /* Take_A_NoteUITests.swift */; };
		A37672891D85FDBF00817A19 /* timeburnerbold.ttf in Resources */ = {isa = PBXBuildFile; fileRef = A37672871D85FDBF00817A19 /* timeburnerbold.ttf */; };
		A376728A1D85FDBF00817A19 /* timeburnernormal.ttf in Resources */ = {isa = PBXBuildFile; fileRef = A37672881D85FDBF00817A19 /* timeburnernormal.ttf */; };
/* End PBXBuildFile section */

/* Begin PBXContainerItemProxy section */
		A376726B1D85FBC200817A19 /* PBXContainerItemProxy */ = {
			isa = PBXContainerItemProxy;
			containerPortal = A376724B1D85FBC100817A19 /* Project object */;
			proxyType = 1;
			remoteGlobalIDString = A37672521D85FBC100817A19;
			remoteInfo = "Take-A-Note";
		};
		A37672761D85FBC200817A19 /* PBXContainerItemProxy */ = {
			isa = PBXContainerItemProxy;
			containerPortal = A376724B1D85FBC100817A19 /* Project object */;
			proxyType = 1;
			remoteGlobalIDString = A37672521D85FBC100817A19;
			remoteInfo = "Take-A-Note";
		};
/* End PBXContainerItemProxy section */

/* Begin PBXFileReference section */
		A35387881D862CC00099CF8E /* MaterialButton.swift */ = {isa = PBXFileReference; fileEncoding = 4; lastKnownFileType = sourcecode.swift; path = MaterialButton.swift; sourceTree = "<group>"; };
		A35387891D862CC00099CF8E /* MaterialTextField.swift */ = {isa = PBXFileReference; fileEncoding = 4; lastKnownFileType = sourcecode.swift; path = MaterialTextField.swift; sourceTree = "<group>"; };
		A353878A1D862CC00099CF8E /* MaterialView.swift */ = {isa = PBXFileReference; fileEncoding = 4; lastKnownFileType = sourcecode.swift; path = MaterialView.swift; sourceTree = "<group>"; };
		A36C045D1D86FDB5006CE573 /* NoteVC.swift */ = {isa = PBXFileReference; fileEncoding = 4; lastKnownFileType = sourcecode.swift; name = NoteVC.swift; path = ../NoteVC.swift; sourceTree = "<group>"; };
		A37672531D85FBC100817A19 /* Take-A-Note.app */ = {isa = PBXFileReference; explicitFileType = wrapper.application; includeInIndex = 0; path = "Take-A-Note.app"; sourceTree = BUILT_PRODUCTS_DIR; };
		A37672561D85FBC100817A19 /* AppDelegate.swift */ = {isa = PBXFileReference; lastKnownFileType = sourcecode.swift; path = AppDelegate.swift; sourceTree = "<group>"; };
		A37672581D85FBC100817A19 /* ViewController.swift */ = {isa = PBXFileReference; lastKnownFileType = sourcecode.swift; path = ViewController.swift; sourceTree = "<group>"; };
		A376725B1D85FBC100817A19 /* Base */ = {isa = PBXFileReference; lastKnownFileType = file.storyboard; name = Base; path = Base.lproj/Main.storyboard; sourceTree = "<group>"; };
		A376725E1D85FBC100817A19 /* Take_A_Note.xcdatamodel */ = {isa = PBXFileReference; lastKnownFileType = wrapper.xcdatamodel; path = Take_A_Note.xcdatamodel; sourceTree = "<group>"; };
		A37672601D85FBC100817A19 /* Assets.xcassets */ = {isa = PBXFileReference; lastKnownFileType = folder.assetcatalog; path = Assets.xcassets; sourceTree = "<group>"; };
		A37672631D85FBC100817A19 /* Base */ = {isa = PBXFileReference; lastKnownFileType = file.storyboard; name = Base; path = Base.lproj/LaunchScreen.storyboard; sourceTree = "<group>"; };
		A37672651D85FBC100817A19 /* Info.plist */ = {isa = PBXFileReference; lastKnownFileType = text.plist.xml; path = Info.plist; sourceTree = "<group>"; };
		A376726A1D85FBC200817A19 /* Take-A-NoteTests.xctest */ = {isa = PBXFileReference; explicitFileType = wrapper.cfbundle; includeInIndex = 0; path = "Take-A-NoteTests.xctest"; sourceTree = BUILT_PRODUCTS_DIR; };
		A376726E1D85FBC200817A19 /* Take_A_NoteTests.swift */ = {isa = PBXFileReference; lastKnownFileType = sourcecode.swift; path = Take_A_NoteTests.swift; sourceTree = "<group>"; };
		A37672701D85FBC200817A19 /* Info.plist */ = {isa = PBXFileReference; lastKnownFileType = text.plist.xml; path = Info.plist; sourceTree = "<group>"; };
		A37672751D85FBC200817A19 /* Take-A-NoteUITests.xctest */ = {isa = PBXFileReference; explicitFileType = wrapper.cfbundle; includeInIndex = 0; path = "Take-A-NoteUITests.xctest"; sourceTree = BUILT_PRODUCTS_DIR; };
		A37672791D85FBC200817A19 /* Take_A_NoteUITests.swift */ = {isa = PBXFileReference; lastKnownFileType = sourcecode.swift; path = Take_A_NoteUITests.swift; sourceTree = "<group>"; };
		A376727B1D85FBC200817A19 /* Info.plist */ = {isa = PBXFileReference; lastKnownFileType = text.plist.xml; path = Info.plist; sourceTree = "<group>"; };
		A37672871D85FDBF00817A19 /* timeburnerbold.ttf */ = {isa = PBXFileReference; lastKnownFileType = file; path = timeburnerbold.ttf; sourceTree = "<group>"; };
		A37672881D85FDBF00817A19 /* timeburnernormal.ttf */ = {isa = PBXFileReference; lastKnownFileType = file; path = timeburnernormal.ttf; sourceTree = "<group>"; };
/* End PBXFileReference section */

/* Begin PBXFrameworksBuildPhase section */
		A37672501D85FBC100817A19 /* Frameworks */ = {
			isa = PBXFrameworksBuildPhase;
			buildActionMask = 2147483647;
			files = (
			);
			runOnlyForDeploymentPostprocessing = 0;
		};
		A37672671D85FBC200817A19 /* Frameworks */ = {
			isa = PBXFrameworksBuildPhase;
			buildActionMask = 2147483647;
			files = (
			);
			runOnlyForDeploymentPostprocessing = 0;
		};
		A37672721D85FBC200817A19 /* Frameworks */ = {
			isa = PBXFrameworksBuildPhase;
			buildActionMask = 2147483647;
			files = (
			);
			runOnlyForDeploymentPostprocessing = 0;
		};
/* End PBXFrameworksBuildPhase section */

/* Begin PBXGroup section */
		A376724A1D85FBC100817A19 = {
			isa = PBXGroup;
			children = (
				A37672551D85FBC100817A19 /* Take-A-Note */,
				A376726D1D85FBC200817A19 /* Take-A-NoteTests */,
				A37672781D85FBC200817A19 /* Take-A-NoteUITests */,
				A37672541D85FBC100817A19 /* Products */,
			);
			sourceTree = "<group>";
		};
		A37672541D85FBC100817A19 /* Products */ = {
			isa = PBXGroup;
			children = (
				A37672531D85FBC100817A19 /* Take-A-Note.app */,
				A376726A1D85FBC200817A19 /* Take-A-NoteTests.xctest */,
				A37672751D85FBC200817A19 /* Take-A-NoteUITests.xctest */,
			);
			name = Products;
			sourceTree = "<group>";
		};
		A37672551D85FBC100817A19 /* Take-A-Note */ = {
			isa = PBXGroup;
			children = (
				A376728F1D85FDF000817A19 /* Resources */,
				A376728B1D85FDC400817A19 /* Model */,
				A376728C1D85FDC900817A19 /* View */,
				A376728D1D85FDCD00817A19 /* Controller */,
				A37672561D85FBC100817A19 /* AppDelegate.swift */,
				A376725A1D85FBC100817A19 /* Main.storyboard */,
				A37672601D85FBC100817A19 /* Assets.xcassets */,
				A37672621D85FBC100817A19 /* LaunchScreen.storyboard */,
				A37672651D85FBC100817A19 /* Info.plist */,
				A376725D1D85FBC100817A19 /* Take_A_Note.xcdatamodeld */,
			);
			path = "Take-A-Note";
			sourceTree = "<group>";
		};
		A376726D1D85FBC200817A19 /* Take-A-NoteTests */ = {
			isa = PBXGroup;
			children = (
				A376726E1D85FBC200817A19 /* Take_A_NoteTests.swift */,
				A37672701D85FBC200817A19 /* Info.plist */,
			);
			path = "Take-A-NoteTests";
			sourceTree = "<group>";
		};
		A37672781D85FBC200817A19 /* Take-A-NoteUITests */ = {
			isa = PBXGroup;
			children = (
				A37672791D85FBC200817A19 /* Take_A_NoteUITests.swift */,
				A376727B1D85FBC200817A19 /* Info.plist */,
			);
			path = "Take-A-NoteUITests";
			sourceTree = "<group>";
		};
		A376728B1D85FDC400817A19 /* Model */ = {
			isa = PBXGroup;
			children = (
			);
			name = Model;
			sourceTree = "<group>";
		};
		A376728C1D85FDC900817A19 /* View */ = {
			isa = PBXGroup;
			children = (
				A35387881D862CC00099CF8E /* MaterialButton.swift */,
				A35387891D862CC00099CF8E /* MaterialTextField.swift */,
				A353878A1D862CC00099CF8E /* MaterialView.swift */,
			);
			name = View;
			sourceTree = "<group>";
		};
		A376728D1D85FDCD00817A19 /* Controller */ = {
			isa = PBXGroup;
			children = (
				A37672581D85FBC100817A19 /* ViewController.swift */,
				A36C045D1D86FDB5006CE573 /* NoteVC.swift */,
			);
			name = Controller;
			sourceTree = "<group>";
		};
		A376728F1D85FDF000817A19 /* Resources */ = {
			isa = PBXGroup;
			children = (
				A37672871D85FDBF00817A19 /* timeburnerbold.ttf */,
				A37672881D85FDBF00817A19 /* timeburnernormal.ttf */,
			);
			name = Resources;
			sourceTree = "<group>";
		};
/* End PBXGroup section */

/* Begin PBXNativeTarget section */
		A37672521D85FBC100817A19 /* Take-A-Note */ = {
			isa = PBXNativeTarget;
			buildConfigurationList = A376727E1D85FBC200817A19 /* Build configuration list for PBXNativeTarget "Take-A-Note" */;
			buildPhases = (
				A376724F1D85FBC100817A19 /* Sources */,
				A37672501D85FBC100817A19 /* Frameworks */,
				A37672511D85FBC100817A19 /* Resources */,
			);
			buildRules = (
			);
			dependencies = (
			);
			name = "Take-A-Note";
			productName = "Take-A-Note";
			productReference = A37672531D85FBC100817A19 /* Take-A-Note.app */;
			productType = "com.apple.product-type.application";
		};
		A37672691D85FBC200817A19 /* Take-A-NoteTests */ = {
			isa = PBXNativeTarget;
			buildConfigurationList = A37672811D85FBC200817A19 /* Build configuration list for PBXNativeTarget "Take-A-NoteTests" */;
			buildPhases = (
				A37672661D85FBC200817A19 /* Sources */,
				A37672671D85FBC200817A19 /* Frameworks */,
				A37672681D85FBC200817A19 /* Resources */,
			);
			buildRules = (
			);
			dependencies = (
				A376726C1D85FBC200817A19 /* PBXTargetDependency */,
			);
			name = "Take-A-NoteTests";
			productName = "Take-A-NoteTests";
			productReference = A376726A1D85FBC200817A19 /* Take-A-NoteTests.xctest */;
			productType = "com.apple.product-type.bundle.unit-test";
		};
		A37672741D85FBC200817A19 /* Take-A-NoteUITests */ = {
			isa = PBXNativeTarget;
			buildConfigurationList = A37672841D85FBC200817A19 /* Build configuration list for PBXNativeTarget "Take-A-NoteUITests" */;
			buildPhases = (
				A37672711D85FBC200817A19 /* Sources */,
				A37672721D85FBC200817A19 /* Frameworks */,
				A37672731D85FBC200817A19 /* Resources */,
			);
			buildRules = (
			);
			dependencies = (
				A37672771D85FBC200817A19 /* PBXTargetDependency */,
			);
			name = "Take-A-NoteUITests";
			productName = "Take-A-NoteUITests";
			productReference = A37672751D85FBC200817A19 /* Take-A-NoteUITests.xctest */;
			productType = "com.apple.product-type.bundle.ui-testing";
		};
/* End PBXNativeTarget section */

/* Begin PBXProject section */
		A376724B1D85FBC100817A19 /* Project object */ = {
			isa = PBXProject;
			attributes = {
				LastSwiftUpdateCheck = 0800;
				LastUpgradeCheck = 0800;
				ORGANIZATIONNAME = "Jonathan Tsistinas";
				TargetAttributes = {
					A37672521D85FBC100817A19 = {
						CreatedOnToolsVersion = 8.0;
						DevelopmentTeam = KMTZDB3J22;
						ProvisioningStyle = Automatic;
					};
					A37672691D85FBC200817A19 = {
						CreatedOnToolsVersion = 8.0;
						DevelopmentTeam = KMTZDB3J22;
						ProvisioningStyle = Automatic;
						TestTargetID = A37672521D85FBC100817A19;
					};
					A37672741D85FBC200817A19 = {
						CreatedOnToolsVersion = 8.0;
						DevelopmentTeam = KMTZDB3J22;
						ProvisioningStyle = Automatic;
						TestTargetID = A37672521D85FBC100817A19;
					};
				};
			};
			buildConfigurationList = A376724E1D85FBC100817A19 /* Build configuration list for PBXProject "Take-A-Note" */;
			compatibilityVersion = "Xcode 3.2";
			developmentRegion = English;
			hasScannedForEncodings = 0;
			knownRegions = (
				en,
				Base,
			);
			mainGroup = A376724A1D85FBC100817A19;
			productRefGroup = A37672541D85FBC100817A19 /* Products */;
			projectDirPath = "";
			projectRoot = "";
			targets = (
				A37672521D85FBC100817A19 /* Take-A-Note */,
				A37672691D85FBC200817A19 /* Take-A-NoteTests */,
				A37672741D85FBC200817A19 /* Take-A-NoteUITests */,
			);
		};
/* End PBXProject section */

/* Begin PBXResourcesBuildPhase section */
		A37672511D85FBC100817A19 /* Resources */ = {
			isa = PBXResourcesBuildPhase;
			buildActionMask = 2147483647;
			files = (
				A37672891D85FDBF00817A19 /* timeburnerbold.ttf in Resources */,
				A376728A1D85FDBF00817A19 /* timeburnernormal.ttf in Resources */,
				A37672641D85FBC100817A19 /* LaunchScreen.storyboard in Resources */,
				A37672611D85FBC100817A19 /* Assets.xcassets in Resources */,
				A376725C1D85FBC100817A19 /* Main.storyboard in Resources */,
			);
			runOnlyForDeploymentPostprocessing = 0;
		};
		A37672681D85FBC200817A19 /* Resources */ = {
			isa = PBXResourcesBuildPhase;
			buildActionMask = 2147483647;
			files = (
			);
			runOnlyForDeploymentPostprocessing = 0;
		};
		A37672731D85FBC200817A19 /* Resources */ = {
			isa = PBXResourcesBuildPhase;
			buildActionMask = 2147483647;
			files = (
			);
			runOnlyForDeploymentPostprocessing = 0;
		};
/* End PBXResourcesBuildPhase section */

/* Begin PBXSourcesBuildPhase section */
		A376724F1D85FBC100817A19 /* Sources */ = {
			isa = PBXSourcesBuildPhase;
			buildActionMask = 2147483647;
			files = (
				A37672591D85FBC100817A19 /* ViewController.swift in Sources */,
				A36C045E1D86FDB5006CE573 /* NoteVC.swift in Sources */,
				A37672571D85FBC100817A19 /* AppDelegate.swift in Sources */,
				A353878C1D862CC00099CF8E /* MaterialTextField.swift in Sources */,
				A353878D1D862CC00099CF8E /* MaterialView.swift in Sources */,
				A353878B1D862CC00099CF8E /* MaterialButton.swift in Sources */,
				A376725F1D85FBC100817A19 /* Take_A_Note.xcdatamodeld in Sources */,
			);
			runOnlyForDeploymentPostprocessing = 0;
		};
		A37672661D85FBC200817A19 /* Sources */ = {
			isa = PBXSourcesBuildPhase;
			buildActionMask = 2147483647;
			files = (
				A376726F1D85FBC200817A19 /* Take_A_NoteTests.swift in Sources */,
			);
			runOnlyForDeploymentPostprocessing = 0;
		};
		A37672711D85FBC200817A19 /* Sources */ = {
			isa = PBXSourcesBuildPhase;
			buildActionMask = 2147483647;
			files = (
				A376727A1D85FBC200817A19 /* Take_A_NoteUITests.swift in Sources */,
			);
			runOnlyForDeploymentPostprocessing = 0;
		};
/* End PBXSourcesBuildPhase section */

/* Begin PBXTargetDependency section */
		A376726C1D85FBC200817A19 /* PBXTargetDependency */ = {
			isa = PBXTargetDependency;
			target = A37672521D85FBC100817A19 /* Take-A-Note */;
			targetProxy = A376726B1D85FBC200817A19 /* PBXContainerItemProxy */;
		};
		A37672771D85FBC200817A19 /* PBXTargetDependency */ = {
			isa = PBXTargetDependency;
			target = A37672521D85FBC100817A19 /* Take-A-Note */;
			targetProxy = A37672761D85FBC200817A19 /* PBXContainerItemProxy */;
		};
/* End PBXTargetDependency section */

/* Begin PBXVariantGroup section */
		A376725A1D85FBC100817A19 /* Main.storyboard */ = {
			isa = PBXVariantGroup;
			children = (
				A376725B1D85FBC100817A19 /* Base */,
			);
			name = Main.storyboard;
			sourceTree = "<group>";
		};
		A37672621D85FBC100817A19 /* LaunchScreen.storyboard */ = {
			isa = PBXVariantGroup;
			children = (
				A37672631D85FBC100817A19 /* Base */,
			);
			name = LaunchScreen.storyboard;
			sourceTree = "<group>";
		};
/* End PBXVariantGroup section */

/* Begin XCBuildConfiguration section */
		A376727C1D85FBC200817A19 /* Debug */ = {
			isa = XCBuildConfiguration;
			buildSettings = {
				ALWAYS_SEARCH_USER_PATHS = NO;
				CLANG_ANALYZER_NONNULL = YES;
				CLANG_CXX_LANGUAGE_STANDARD = "gnu++0x";
				CLANG_CXX_LIBRARY = "libc++";
				CLANG_ENABLE_MODULES = YES;
				CLANG_ENABLE_OBJC_ARC = YES;
				CLANG_WARN_BOOL_CONVERSION = YES;
				CLANG_WARN_CONSTANT_CONVERSION = YES;
				CLANG_WARN_DIRECT_OBJC_ISA_USAGE = YES_ERROR;
				CLANG_WARN_DOCUMENTATION_COMMENTS = YES;
				CLANG_WARN_EMPTY_BODY = YES;
				CLANG_WARN_ENUM_CONVERSION = YES;
				CLANG_WARN_INFINITE_RECURSION = YES;
				CLANG_WARN_INT_CONVERSION = YES;
				CLANG_WARN_OBJC_ROOT_CLASS = YES_ERROR;
				CLANG_WARN_SUSPICIOUS_MOVES = YES;
				CLANG_WARN_UNREACHABLE_CODE = YES;
				CLANG_WARN__DUPLICATE_METHOD_MATCH = YES;
				"CODE_SIGN_IDENTITY[sdk=iphoneos*]" = "iPhone Developer";
				COPY_PHASE_STRIP = NO;
				DEBUG_INFORMATION_FORMAT = dwarf;
				ENABLE_STRICT_OBJC_MSGSEND = YES;
				ENABLE_TESTABILITY = YES;
				GCC_C_LANGUAGE_STANDARD = gnu99;
				GCC_DYNAMIC_NO_PIC = NO;
				GCC_NO_COMMON_BLOCKS = YES;
				GCC_OPTIMIZATION_LEVEL = 0;
				GCC_PREPROCESSOR_DEFINITIONS = (
					"DEBUG=1",
					"$(inherited)",
				);
				GCC_WARN_64_TO_32_BIT_CONVERSION = YES;
				GCC_WARN_ABOUT_RETURN_TYPE = YES_ERROR;
				GCC_WARN_UNDECLARED_SELECTOR = YES;
				GCC_WARN_UNINITIALIZED_AUTOS = YES_AGGRESSIVE;
				GCC_WARN_UNUSED_FUNCTION = YES;
				GCC_WARN_UNUSED_VARIABLE = YES;
				IPHONEOS_DEPLOYMENT_TARGET = 10.0;
				MTL_ENABLE_DEBUG_INFO = YES;
				ONLY_ACTIVE_ARCH = YES;
				SDKROOT = iphoneos;
				SWIFT_ACTIVE_COMPILATION_CONDITIONS = DEBUG;
				SWIFT_OPTIMIZATION_LEVEL = "-Onone";
				TARGETED_DEVICE_FAMILY = "1,2";
			};
			name = Debug;
		};
		A376727D1D85FBC200817A19 /* Release */ = {
			isa = XCBuildConfiguration;
			buildSettings = {
				ALWAYS_SEARCH_USER_PATHS = NO;
				CLANG_ANALYZER_NONNULL = YES;
				CLANG_CXX_LANGUAGE_STANDARD = "gnu++0x";
				CLANG_CXX_LIBRARY = "libc++";
				CLANG_ENABLE_MODULES = YES;
				CLANG_ENABLE_OBJC_ARC = YES;
				CLANG_WARN_BOOL_CONVERSION = YES;
				CLANG_WARN_CONSTANT_CONVERSION = YES;
				CLANG_WARN_DIRECT_OBJC_ISA_USAGE = YES_ERROR;
				CLANG_WARN_DOCUMENTATION_COMMENTS = YES;
				CLANG_WARN_EMPTY_BODY = YES;
				CLANG_WARN_ENUM_CONVERSION = YES;
				CLANG_WARN_INFINITE_RECURSION = YES;
				CLANG_WARN_INT_CONVERSION = YES;
				CLANG_WARN_OBJC_ROOT_CLASS = YES_ERROR;
				CLANG_WARN_SUSPICIOUS_MOVES = YES;
				CLANG_WARN_UNREACHABLE_CODE = YES;
				CLANG_WARN__DUPLICATE_METHOD_MATCH = YES;
				"CODE_SIGN_IDENTITY[sdk=iphoneos*]" = "iPhone Developer";
				COPY_PHASE_STRIP = NO;
				DEBUG_INFORMATION_FORMAT = "dwarf-with-dsym";
				ENABLE_NS_ASSERTIONS = NO;
				ENABLE_STRICT_OBJC_MSGSEND = YES;
				GCC_C_LANGUAGE_STANDARD = gnu99;
				GCC_NO_COMMON_BLOCKS = YES;
				GCC_WARN_64_TO_32_BIT_CONVERSION = YES;
				GCC_WARN_ABOUT_RETURN_TYPE = YES_ERROR;
				GCC_WARN_UNDECLARED_SELECTOR = YES;
				GCC_WARN_UNINITIALIZED_AUTOS = YES_AGGRESSIVE;
				GCC_WARN_UNUSED_FUNCTION = YES;
				GCC_WARN_UNUSED_VARIABLE = YES;
				IPHONEOS_DEPLOYMENT_TARGET = 10.0;
				MTL_ENABLE_DEBUG_INFO = NO;
				SDKROOT = iphoneos;
				SWIFT_OPTIMIZATION_LEVEL = "-Owholemodule";
				TARGETED_DEVICE_FAMILY = "1,2";
				VALIDATE_PRODUCT = YES;
			};
			name = Release;
		};
		A376727F1D85FBC200817A19 /* Debug */ = {
			isa = XCBuildConfiguration;
			buildSettings = {
				ASSETCATALOG_COMPILER_APPICON_NAME = AppIcon;
				DEVELOPMENT_TEAM = KMTZDB3J22;
				INFOPLIST_FILE = "Take-A-Note/Info.plist";
				LD_RUNPATH_SEARCH_PATHS = "$(inherited) @executable_path/Frameworks";
				PRODUCT_BUNDLE_IDENTIFIER = "Techinator.Take-A-Note";
				PRODUCT_NAME = "$(TARGET_NAME)";
				SWIFT_VERSION = 3.0;
				TARGETED_DEVICE_FAMILY = 1;
			};
			name = Debug;
		};
		A37672801D85FBC200817A19 /* Release */ = {
			isa = XCBuildConfiguration;
			buildSettings = {
				ASSETCATALOG_COMPILER_APPICON_NAME = AppIcon;
				DEVELOPMENT_TEAM = KMTZDB3J22;
				INFOPLIST_FILE = "Take-A-Note/Info.plist";
				LD_RUNPATH_SEARCH_PATHS = "$(inherited) @executable_path/Frameworks";
				PRODUCT_BUNDLE_IDENTIFIER = "Techinator.Take-A-Note";
				PRODUCT_NAME = "$(TARGET_NAME)";
				SWIFT_VERSION = 3.0;
				TARGETED_DEVICE_FAMILY = 1;
			};
			name = Release;
		};
		A37672821D85FBC200817A19 /* Debug */ = {
			isa = XCBuildConfiguration;
			buildSettings = {
				ALWAYS_EMBED_SWIFT_STANDARD_LIBRARIES = YES;
				BUNDLE_LOADER = "$(TEST_HOST)";
				DEVELOPMENT_TEAM = KMTZDB3J22;
				INFOPLIST_FILE = "Take-A-NoteTests/Info.plist";
				LD_RUNPATH_SEARCH_PATHS = "$(inherited) @executable_path/Frameworks @loader_path/Frameworks";
				PRODUCT_BUNDLE_IDENTIFIER = "Techinator.Take-A-NoteTests";
				PRODUCT_NAME = "$(TARGET_NAME)";
				SWIFT_VERSION = 3.0;
				TEST_HOST = "$(BUILT_PRODUCTS_DIR)/Take-A-Note.app/Take-A-Note";
			};
			name = Debug;
		};
		A37672831D85FBC200817A19 /* Release */ = {
			isa = XCBuildConfiguration;
			buildSettings = {
				ALWAYS_EMBED_SWIFT_STANDARD_LIBRARIES = YES;
				BUNDLE_LOADER = "$(TEST_HOST)";
				DEVELOPMENT_TEAM = KMTZDB3J22;
				INFOPLIST_FILE = "Take-A-NoteTests/Info.plist";
				LD_RUNPATH_SEARCH_PATHS = "$(inherited) @executable_path/Frameworks @loader_path/Frameworks";
				PRODUCT_BUNDLE_IDENTIFIER = "Techinator.Take-A-NoteTests";
				PRODUCT_NAME = "$(TARGET_NAME)";
				SWIFT_VERSION = 3.0;
				TEST_HOST = "$(BUILT_PRODUCTS_DIR)/Take-A-Note.app/Take-A-Note";
			};
			name = Release;
		};
		A37672851D85FBC200817A19 /* Debug */ = {
			isa = XCBuildConfiguration;
			buildSettings = {
				ALWAYS_EMBED_SWIFT_STANDARD_LIBRARIES = YES;
				DEVELOPMENT_TEAM = KMTZDB3J22;
				INFOPLIST_FILE = "Take-A-NoteUITests/Info.plist";
				LD_RUNPATH_SEARCH_PATHS = "$(inherited) @executable_path/Frameworks @loader_path/Frameworks";
				PRODUCT_BUNDLE_IDENTIFIER = "Techinator.Take-A-NoteUITests";
				PRODUCT_NAME = "$(TARGET_NAME)";
				SWIFT_VERSION = 3.0;
				TEST_TARGET_NAME = "Take-A-Note";
			};
			name = Debug;
		};
		A37672861D85FBC200817A19 /* Release */ = {
			isa = XCBuildConfiguration;
			buildSettings = {
				ALWAYS_EMBED_SWIFT_STANDARD_LIBRARIES = YES;
				DEVELOPMENT_TEAM = KMTZDB3J22;
				INFOPLIST_FILE = "Take-A-NoteUITests/Info.plist";
				LD_RUNPATH_SEARCH_PATHS = "$(inherited) @executable_path/Frameworks @loader_path/Frameworks";
				PRODUCT_BUNDLE_IDENTIFIER = "Techinator.Take-A-NoteUITests";
				PRODUCT_NAME = "$(TARGET_NAME)";
				SWIFT_VERSION = 3.0;
				TEST_TARGET_NAME = "Take-A-Note";
			};
			name = Release;
		};
/* End XCBuildConfiguration section */

/* Begin XCConfigurationList section */
		A376724E1D85FBC100817A19 /* Build configuration list for PBXProject "Take-A-Note" */ = {
			isa = XCConfigurationList;
			buildConfigurations = (
				A376727C1D85FBC200817A19 /* Debug */,
				A376727D1D85FBC200817A19 /* Release */,
			);
			defaultConfigurationIsVisible = 0;
			defaultConfigurationName = Release;
		};
		A376727E1D85FBC200817A19 /* Build configuration list for PBXNativeTarget "Take-A-Note" */ = {
			isa = XCConfigurationList;
			buildConfigurations = (
				A376727F1D85FBC200817A19 /* Debug */,
				A37672801D85FBC200817A19 /* Release */,
			);
			defaultConfigurationIsVisible = 0;
			defaultConfigurationName = Release;
		};
		A37672811D85FBC200817A19 /* Build configuration list for PBXNativeTarget "Take-A-NoteTests" */ = {
			isa = XCConfigurationList;
			buildConfigurations = (
				A37672821D85FBC200817A19 /* Debug */,
				A37672831D85FBC200817A19 /* Release */,
			);
			defaultConfigurationIsVisible = 0;
			defaultConfigurationName = Release;
		};
		A37672841D85FBC200817A19 /* Build configuration list for PBXNativeTarget "Take-A-NoteUITests" */ = {
			isa = XCConfigurationList;
			buildConfigurations = (
				A37672851D85FBC200817A19 /* Debug */,
				A37672861D85FBC200817A19 /* Release */,
			);
			defaultConfigurationIsVisible = 0;
			defaultConfigurationName = Release;
		};
/* End XCConfigurationList section */

/* Begin XCVersionGroup section */
		A376725D1D85FBC100817A19 /* Take_A_Note.xcdatamodeld */ = {
			isa = XCVersionGroup;
			children = (
				A376725E1D85FBC100817A19 /* Take_A_Note.xcdatamodel */,
			);
			currentVersion = A376725E1D85FBC100817A19 /* Take_A_Note.xcdatamodel */;
			path = Take_A_Note.xcdatamodeld;
			sourceTree = "<group>";
			versionGroupType = wrapper.xcdatamodel;
		};
/* End XCVersionGroup section */
	};
	rootObject = A376724B1D85FBC100817A19 /* Project object */;
}
